
Microsoft Visual Studio Solution File, Format Version 12.00
# Visual Studio Version 17
VisualStudioVersion = 17.3.32929.385
MinimumVisualStudioVersion = 10.0.40219.1
Project("{FAE04EC0-301F-11D3-BF4B-00C04F79EFBC}") = "ASPNETCustomIdentity", "ASPNETCustomIdentity.csproj", "{063B9089-F553-4F31-BD1E-5F22C2A6FD92}"
EndProject
Global
	GlobalSection(SolutionConfigurationPlatforms) = preSolution
		Debug|Any CPU = Debug|Any CPU
		Release|Any CPU = Release|Any CPU
	EndGlobalSection
	GlobalSection(ProjectConfigurationPlatforms) = postSolution
		{063B9089-F553-4F31-BD1E-5F22C2A6FD92}.Debug|Any CPU.ActiveCfg = Debug|Any CPU
		{063B9089-F553-4F31-BD1E-5F22C2A6FD92}.Debug|Any CPU.Build.0 = Debug|Any CPU
		{063B9089-F553-4F31-BD1E-5F22C2A6FD92}.Release|Any CPU.ActiveCfg = Release|Any CPU
		{063B9089-F553-4F31-BD1E-5F22C2A6FD92}.Release|Any CPU.Build.0 = Release|Any CPU
	EndGlobalSection
	GlobalSection(SolutionProperties) = preSolution
		HideSolutionNode = FALSE
	EndGlobalSection
	GlobalSection(ExtensibilityGlobals) = postSolution
		SolutionGuid = {90457642-735A-4809-9686-D81AEC296ED2}
	EndGlobalSection
EndGlobal
